
Microsoft Visual Studio Solution File, Format Version 12.00
# Visual Studio Version 17
VisualStudioVersion = 17.13.35931.197 d17.13
MinimumVisualStudioVersion = 10.0.40219.1
Project("{FAE04EC0-301F-11D3-BF4B-00C04F79EFBC}") = "EXIF-BatchGPSInserter", "EXIF-BatchGPSInserter\EXIF-BatchGPSInserter.csproj", "{C642A5B9-660A-4B6D-B20E-D8AEB3C5890B}"
EndProject
Global
	GlobalSection(SolutionConfigurationPlatforms) = preSolution
		Debug|Any CPU = Debug|Any CPU
		Release|Any CPU = Release|Any CPU
	EndGlobalSection
	GlobalSection(ProjectConfigurationPlatforms) = postSolution
		{C642A5B9-660A-4B6D-B20E-D8AEB3C5890B}.Debug|Any CPU.ActiveCfg = Debug|Any CPU
		{C642A5B9-660A-4B6D-B20E-D8AEB3C5890B}.Debug|Any CPU.Build.0 = Debug|Any CPU
		{C642A5B9-660A-4B6D-B20E-D8AEB3C5890B}.Release|Any CPU.ActiveCfg = Release|Any CPU
		{C642A5B9-660A-4B6D-B20E-D8AEB3C5890B}.Release|Any CPU.Build.0 = Release|Any CPU
	EndGlobalSection
	GlobalSection(SolutionProperties) = preSolution
		HideSolutionNode = FALSE
	EndGlobalSection
	GlobalSection(ExtensibilityGlobals) = postSolution
		SolutionGuid = {4FF46BF3-426B-44B0-B5A3-F88558F5DD68}
	EndGlobalSection
EndGlobal
